
Microsoft Visual Studio Solution File, Format Version 12.00
# Visual Studio Version 16
VisualStudioVersion = 16.0.30114.105
MinimumVisualStudioVersion = 10.0.40219.1
Project("{FAE04EC0-301F-11D3-BF4B-00C04F79EFBC}") = "Lab1", "Lab1\Lab1.csproj", "{AB11C59D-C425-4D2B-9C64-3780FF6C2A74}"
EndProject
Global
	GlobalSection(SolutionConfigurationPlatforms) = preSolution
		Debug|Any CPU = Debug|Any CPU
		Release|Any CPU = Release|Any CPU
	EndGlobalSection
	GlobalSection(ProjectConfigurationPlatforms) = postSolution
		{AB11C59D-C425-4D2B-9C64-3780FF6C2A74}.Debug|Any CPU.ActiveCfg = Debug|Any CPU
		{AB11C59D-C425-4D2B-9C64-3780FF6C2A74}.Debug|Any CPU.Build.0 = Debug|Any CPU
		{AB11C59D-C425-4D2B-9C64-3780FF6C2A74}.Release|Any CPU.ActiveCfg = Release|Any CPU
		{AB11C59D-C425-4D2B-9C64-3780FF6C2A74}.Release|Any CPU.Build.0 = Release|Any CPU
	EndGlobalSection
	GlobalSection(SolutionProperties) = preSolution
		HideSolutionNode = FALSE
	EndGlobalSection
	GlobalSection(ExtensibilityGlobals) = postSolution
		SolutionGuid = {1611BBC7-6F37-4488-9DE0-F46C16CCBBD5}
	EndGlobalSection
EndGlobal
