
Microsoft Visual Studio Solution File, Format Version 12.00
# Visual Studio Version 16
VisualStudioVersion = 16.0.30114.105
MinimumVisualStudioVersion = 10.0.40219.1
Project("{FAE04EC0-301F-11D3-BF4B-00C04F79EFBC}") = "Lab3", "Lab3\Lab3.csproj", "{95726EEB-5775-4119-AD2D-8C16F8116EF8}"
EndProject
Global
	GlobalSection(SolutionConfigurationPlatforms) = preSolution
		Debug|Any CPU = Debug|Any CPU
		Release|Any CPU = Release|Any CPU
	EndGlobalSection
	GlobalSection(ProjectConfigurationPlatforms) = postSolution
		{95726EEB-5775-4119-AD2D-8C16F8116EF8}.Debug|Any CPU.ActiveCfg = Debug|Any CPU
		{95726EEB-5775-4119-AD2D-8C16F8116EF8}.Debug|Any CPU.Build.0 = Debug|Any CPU
		{95726EEB-5775-4119-AD2D-8C16F8116EF8}.Release|Any CPU.ActiveCfg = Release|Any CPU
		{95726EEB-5775-4119-AD2D-8C16F8116EF8}.Release|Any CPU.Build.0 = Release|Any CPU
	EndGlobalSection
	GlobalSection(SolutionProperties) = preSolution
		HideSolutionNode = FALSE
	EndGlobalSection
	GlobalSection(ExtensibilityGlobals) = postSolution
		SolutionGuid = {96408EA1-5985-4A71-9E47-6148E21D3D38}
	EndGlobalSection
EndGlobal
